
Microsoft Visual Studio Solution File, Format Version 12.00
# Visual Studio 15
Project("{FAE04EC0-301F-11D3-BF4B-00C04F79EFBC}") = "NotificationTest.Android", "NotificationTest.Android\NotificationTest.Android.csproj", "{18D86AEF-780E-4460-A3BB-3DC13AFFC970}"
EndProject
Project("{FAE04EC0-301F-11D3-BF4B-00C04F79EFBC}") = "NotificationTest.iOS", "NotificationTest.iOS\NotificationTest.iOS.csproj", "{BE6BE9C1-EE04-429E-A7BB-FE7264EF6472}"
EndProject
Project("{FAE04EC0-301F-11D3-BF4B-00C04F79EFBC}") = "NotificationTest", "NotificationTest\NotificationTest.csproj", "{ED624937-0DBD-4E7A-ACCD-449C852E781A}"
EndProject
Project("{FAE04EC0-301F-11D3-BF4B-00C04F79EFBC}") = "NotificationTestServiceExtension", "NotificationTestServiceExtension\NotificationTestServiceExtension.csproj", "{59FF044E-3955-4174-B925-352E11ED6A14}"
EndProject
Global
	GlobalSection(SolutionConfigurationPlatforms) = preSolution
		Debug|Any CPU = Debug|Any CPU
		Release|Any CPU = Release|Any CPU
		Debug|iPhoneSimulator = Debug|iPhoneSimulator
		Release|iPhoneSimulator = Release|iPhoneSimulator
		Debug|iPhone = Debug|iPhone
		Release|iPhone = Release|iPhone
	EndGlobalSection
	GlobalSection(ProjectConfigurationPlatforms) = postSolution
		{18D86AEF-780E-4460-A3BB-3DC13AFFC970}.Debug|Any CPU.ActiveCfg = Debug|Any CPU
		{18D86AEF-780E-4460-A3BB-3DC13AFFC970}.Debug|Any CPU.Build.0 = Debug|Any CPU
		{18D86AEF-780E-4460-A3BB-3DC13AFFC970}.Release|Any CPU.ActiveCfg = Release|Any CPU
		{18D86AEF-780E-4460-A3BB-3DC13AFFC970}.Release|Any CPU.Build.0 = Release|Any CPU
		{18D86AEF-780E-4460-A3BB-3DC13AFFC970}.Debug|iPhoneSimulator.ActiveCfg = Debug|Any CPU
		{18D86AEF-780E-4460-A3BB-3DC13AFFC970}.Debug|iPhoneSimulator.Build.0 = Debug|Any CPU
		{18D86AEF-780E-4460-A3BB-3DC13AFFC970}.Release|iPhoneSimulator.ActiveCfg = Release|Any CPU
		{18D86AEF-780E-4460-A3BB-3DC13AFFC970}.Release|iPhoneSimulator.Build.0 = Release|Any CPU
		{18D86AEF-780E-4460-A3BB-3DC13AFFC970}.Debug|iPhone.ActiveCfg = Debug|Any CPU
		{18D86AEF-780E-4460-A3BB-3DC13AFFC970}.Debug|iPhone.Build.0 = Debug|Any CPU
		{18D86AEF-780E-4460-A3BB-3DC13AFFC970}.Release|iPhone.ActiveCfg = Release|Any CPU
		{18D86AEF-780E-4460-A3BB-3DC13AFFC970}.Release|iPhone.Build.0 = Release|Any CPU
		{BE6BE9C1-EE04-429E-A7BB-FE7264EF6472}.Debug|Any CPU.ActiveCfg = Debug|iPhoneSimulator
		{BE6BE9C1-EE04-429E-A7BB-FE7264EF6472}.Debug|Any CPU.Build.0 = Debug|iPhoneSimulator
		{BE6BE9C1-EE04-429E-A7BB-FE7264EF6472}.Release|Any CPU.ActiveCfg = Release|iPhoneSimulator
		{BE6BE9C1-EE04-429E-A7BB-FE7264EF6472}.Release|Any CPU.Build.0 = Release|iPhoneSimulator
		{BE6BE9C1-EE04-429E-A7BB-FE7264EF6472}.Debug|iPhoneSimulator.ActiveCfg = Debug|iPhoneSimulator
		{BE6BE9C1-EE04-429E-A7BB-FE7264EF6472}.Debug|iPhoneSimulator.Build.0 = Debug|iPhoneSimulator
		{BE6BE9C1-EE04-429E-A7BB-FE7264EF6472}.Release|iPhoneSimulator.ActiveCfg = Release|iPhoneSimulator
		{BE6BE9C1-EE04-429E-A7BB-FE7264EF6472}.Release|iPhoneSimulator.Build.0 = Release|iPhoneSimulator
		{BE6BE9C1-EE04-429E-A7BB-FE7264EF6472}.Debug|iPhone.ActiveCfg = Debug|iPhone
		{BE6BE9C1-EE04-429E-A7BB-FE7264EF6472}.Debug|iPhone.Build.0 = Debug|iPhone
		{BE6BE9C1-EE04-429E-A7BB-FE7264EF6472}.Release|iPhone.ActiveCfg = Release|iPhone
		{BE6BE9C1-EE04-429E-A7BB-FE7264EF6472}.Release|iPhone.Build.0 = Release|iPhone
		{ED624937-0DBD-4E7A-ACCD-449C852E781A}.Debug|Any CPU.ActiveCfg = Debug|Any CPU
		{ED624937-0DBD-4E7A-ACCD-449C852E781A}.Debug|Any CPU.Build.0 = Debug|Any CPU
		{ED624937-0DBD-4E7A-ACCD-449C852E781A}.Release|Any CPU.ActiveCfg = Release|Any CPU
		{ED624937-0DBD-4E7A-ACCD-449C852E781A}.Release|Any CPU.Build.0 = Release|Any CPU
		{ED624937-0DBD-4E7A-ACCD-449C852E781A}.Debug|iPhoneSimulator.ActiveCfg = Debug|Any CPU
		{ED624937-0DBD-4E7A-ACCD-449C852E781A}.Debug|iPhoneSimulator.Build.0 = Debug|Any CPU
		{ED624937-0DBD-4E7A-ACCD-449C852E781A}.Release|iPhoneSimulator.ActiveCfg = Release|Any CPU
		{ED624937-0DBD-4E7A-ACCD-449C852E781A}.Release|iPhoneSimulator.Build.0 = Release|Any CPU
		{ED624937-0DBD-4E7A-ACCD-449C852E781A}.Debug|iPhone.ActiveCfg = Debug|Any CPU
		{ED624937-0DBD-4E7A-ACCD-449C852E781A}.Debug|iPhone.Build.0 = Debug|Any CPU
		{ED624937-0DBD-4E7A-ACCD-449C852E781A}.Release|iPhone.ActiveCfg = Release|Any CPU
		{ED624937-0DBD-4E7A-ACCD-449C852E781A}.Release|iPhone.Build.0 = Release|Any CPU
		{59FF044E-3955-4174-B925-352E11ED6A14}.Debug|Any CPU.ActiveCfg = Debug|iPhoneSimulator
		{59FF044E-3955-4174-B925-352E11ED6A14}.Debug|Any CPU.Build.0 = Debug|iPhoneSimulator
		{59FF044E-3955-4174-B925-352E11ED6A14}.Release|Any CPU.ActiveCfg = Release|iPhone
		{59FF044E-3955-4174-B925-352E11ED6A14}.Release|Any CPU.Build.0 = Release|iPhone
		{59FF044E-3955-4174-B925-352E11ED6A14}.Debug|iPhoneSimulator.ActiveCfg = Debug|iPhoneSimulator
		{59FF044E-3955-4174-B925-352E11ED6A14}.Debug|iPhoneSimulator.Build.0 = Debug|iPhoneSimulator
		{59FF044E-3955-4174-B925-352E11ED6A14}.Release|iPhoneSimulator.ActiveCfg = Release|iPhoneSimulator
		{59FF044E-3955-4174-B925-352E11ED6A14}.Release|iPhoneSimulator.Build.0 = Release|iPhoneSimulator
		{59FF044E-3955-4174-B925-352E11ED6A14}.Debug|iPhone.ActiveCfg = Debug|iPhone
		{59FF044E-3955-4174-B925-352E11ED6A14}.Debug|iPhone.Build.0 = Debug|iPhone
		{59FF044E-3955-4174-B925-352E11ED6A14}.Release|iPhone.ActiveCfg = Release|iPhone
		{59FF044E-3955-4174-B925-352E11ED6A14}.Release|iPhone.Build.0 = Release|iPhone
	EndGlobalSection
EndGlobal
